{
  "version": 4,
  "terraform_version": "0.12.18",
  "serial": 4,
  "lineage": "074dfc2b-7c47-73a0-df3c-ae17274e992b",
  "outputs": {
    "client_certificate": {
      "value": "",
      "type": "string"
    },
    "client_key": {
      "value": "",
      "type": "string"
    },
    "cluster_ca_certificate": {
      "value": "LS0tLS1CRUdJTiBDRVJUSUZJQ0FURS0tLS0tCk1JSURDekNDQWZPZ0F3SUJBZ0lRVDZXdkRYRi9ZS0RoeE1mMGdLd253REFOQmdrcWhraUc5dzBCQVFzRkFEQXYKTVMwd0t3WURWUVFERXlSbU5HTXhNMkl6WmkwMlltRmtMVFF5TXpVdE9HRXpPUzB4WkRRMll6ZGlZVGxtTkRndwpIaGNOTVRreE1qRXhNVGcwTWpRMFdoY05NalF4TWpBNU1UazBNalEwV2pBdk1TMHdLd1lEVlFRREV5Um1OR014Ck0ySXpaaTAyWW1Ga0xUUXlNelV0T0dFek9TMHhaRFEyWXpkaVlUbG1ORGd3Z2dFaU1BMEdDU3FHU0liM0RRRUIKQVFVQUE0SUJEd0F3Z2dFS0FvSUJBUUMyN0dkcXMvVkM5alJBRWY2T1FVaDhpR0JXcUttcUcxb1JjRFF3K214cgpYcEpJcUdPdDUvOVQ3TkhOZDJvT3UrSURQUmVud0dBRHhpV3l0STdIT3k1THhWY1JBenhzVEFFdjJmeGxTZWgzCnJnNDBVUTFVRW12WFlPNjliT3NDc2hGWlkrbGdKOXFDYmlxMU5FYnZiekViUjM0c0ppRktpVUdqYU84R2xocE8KRE9KaHlmdU5SdVVtVDJIbzRCcmFhd2RBQzJXdnV0QXVUd3hTVERFTktTVEg0bDZkN2dwaDEwS0ZIMGtUSmR6OAo3NGt2ZVh2bUprelR4WUlpQ21XQ1pvWW5QY3pLbjgvRFlmT2lrTFBydEtjT2lmUlA2NThVRDhiblJNZFU2YWFsCk1KTUlQSWpZVFBPejQveXlXNVpucUVLQnN5S1pISTM3VnR4ODRCSCtrSGREQWdNQkFBR2pJekFoTUE0R0ExVWQKRHdFQi93UUVBd0lDQkRBUEJnTlZIUk1CQWY4RUJUQURBUUgvTUEwR0NTcUdTSWIzRFFFQkN3VUFBNElCQVFDUQoyRlppaWNVTjhJVnVNNEt6cGNQLys0Ky9ZVTFUMTJweHRkbmQreklGdkJmOWtQSDQwcjdXWFJnZjR5RWRlbHhtCnF3VUlRSkxNZ1BxQUZvcmd0QnZ1V01lUjZ0cmdOSE5aYWZVbUFqMGNOVktrVmZMWUloejdOUzh0ZWh1YUUwQXIKY3ZpK3hlc2Z6T3YrUVdxck1UR1hoMnE2cFZHd2lTV081ai9UNk5jNjEzRHA2WEE2ZDFNTVNRQVlTUUlrVDkyeQpBR3Boa1RseXo2Y1JCOUh2bFRZK1lPeVRBL2FxOHJRS0tkYkMxK2xYWEF5bmdaVjNieDA2cU9NT29OT1FnRldlClZCNE5HcjVlZHpud2FjY091WW03MWlqTkQ1RktGZ0gva0Vwc0RVQ2w1WUFoMXdNWjFpTHN5cEsxVTQxNGo4R1AKV3g1a3pLS3lEZittNGZZajl4M24KLS0tLS1FTkQgQ0VSVElGSUNBVEUtLS0tLQo=",
      "type": "string"
    }
  },
  "resources": [
    {
      "mode": "managed",
      "type": "google_container_cluster",
      "name": "cluster",
      "provider": "provider.google",
      "instances": [
        {
          "schema_version": 1,
          "attributes": {
            "additional_zones": null,
            "addons_config": [
              {
                "horizontal_pod_autoscaling": [],
                "http_load_balancing": [],
                "kubernetes_dashboard": [],
                "network_policy_config": [
                  {
                    "disabled": false
                  }
                ]
              }
            ],
            "authenticator_groups_config": [],
            "cluster_autoscaling": [
              {
                "auto_provisioning_defaults": [],
                "enabled": false,
                "resource_limits": []
              }
            ],
            "cluster_ipv4_cidr": "10.60.0.0/14",
            "default_max_pods_per_node": 110,
            "description": "",
            "enable_binary_authorization": null,
            "enable_intranode_visibility": null,
            "enable_kubernetes_alpha": false,
            "enable_legacy_abac": false,
            "enable_tpu": null,
            "endpoint": "35.228.244.48",
            "id": "projects/cloudfirst-252512/locations/europe-north1-b/clusters/cloudfirst-252512-cluster",
            "initial_node_count": 1,
            "instance_group_urls": [],
            "ip_allocation_policy": [],
            "location": "europe-north1-b",
            "logging_service": "logging.googleapis.com/kubernetes",
            "maintenance_policy": [],
            "master_auth": [
              {
                "client_certificate": "",
                "client_certificate_config": [
                  {
                    "issue_client_certificate": false
                  }
                ],
                "client_key": "",
                "cluster_ca_certificate": "LS0tLS1CRUdJTiBDRVJUSUZJQ0FURS0tLS0tCk1JSURDekNDQWZPZ0F3SUJBZ0lRVDZXdkRYRi9ZS0RoeE1mMGdLd253REFOQmdrcWhraUc5dzBCQVFzRkFEQXYKTVMwd0t3WURWUVFERXlSbU5HTXhNMkl6WmkwMlltRmtMVFF5TXpVdE9HRXpPUzB4WkRRMll6ZGlZVGxtTkRndwpIaGNOTVRreE1qRXhNVGcwTWpRMFdoY05NalF4TWpBNU1UazBNalEwV2pBdk1TMHdLd1lEVlFRREV5Um1OR014Ck0ySXpaaTAyWW1Ga0xUUXlNelV0T0dFek9TMHhaRFEyWXpkaVlUbG1ORGd3Z2dFaU1BMEdDU3FHU0liM0RRRUIKQVFVQUE0SUJEd0F3Z2dFS0FvSUJBUUMyN0dkcXMvVkM5alJBRWY2T1FVaDhpR0JXcUttcUcxb1JjRFF3K214cgpYcEpJcUdPdDUvOVQ3TkhOZDJvT3UrSURQUmVud0dBRHhpV3l0STdIT3k1THhWY1JBenhzVEFFdjJmeGxTZWgzCnJnNDBVUTFVRW12WFlPNjliT3NDc2hGWlkrbGdKOXFDYmlxMU5FYnZiekViUjM0c0ppRktpVUdqYU84R2xocE8KRE9KaHlmdU5SdVVtVDJIbzRCcmFhd2RBQzJXdnV0QXVUd3hTVERFTktTVEg0bDZkN2dwaDEwS0ZIMGtUSmR6OAo3NGt2ZVh2bUprelR4WUlpQ21XQ1pvWW5QY3pLbjgvRFlmT2lrTFBydEtjT2lmUlA2NThVRDhiblJNZFU2YWFsCk1KTUlQSWpZVFBPejQveXlXNVpucUVLQnN5S1pISTM3VnR4ODRCSCtrSGREQWdNQkFBR2pJekFoTUE0R0ExVWQKRHdFQi93UUVBd0lDQkRBUEJnTlZIUk1CQWY4RUJUQURBUUgvTUEwR0NTcUdTSWIzRFFFQkN3VUFBNElCQVFDUQoyRlppaWNVTjhJVnVNNEt6cGNQLys0Ky9ZVTFUMTJweHRkbmQreklGdkJmOWtQSDQwcjdXWFJnZjR5RWRlbHhtCnF3VUlRSkxNZ1BxQUZvcmd0QnZ1V01lUjZ0cmdOSE5aYWZVbUFqMGNOVktrVmZMWUloejdOUzh0ZWh1YUUwQXIKY3ZpK3hlc2Z6T3YrUVdxck1UR1hoMnE2cFZHd2lTV081ai9UNk5jNjEzRHA2WEE2ZDFNTVNRQVlTUUlrVDkyeQpBR3Boa1RseXo2Y1JCOUh2bFRZK1lPeVRBL2FxOHJRS0tkYkMxK2xYWEF5bmdaVjNieDA2cU9NT29OT1FnRldlClZCNE5HcjVlZHpud2FjY091WW03MWlqTkQ1RktGZ0gva0Vwc0RVQ2w1WUFoMXdNWjFpTHN5cEsxVTQxNGo4R1AKV3g1a3pLS3lEZittNGZZajl4M24KLS0tLS1FTkQgQ0VSVElGSUNBVEUtLS0tLQo=",
                "password": "",
                "username": ""
              }
            ],
            "master_authorized_networks_config": [],
            "master_version": "1.13.11-gke.14",
            "min_master_version": null,
            "monitoring_service": "monitoring.googleapis.com/kubernetes",
            "name": "cloudfirst-252512-cluster",
            "network": "projects/cloudfirst-252512/global/networks/default",
            "network_policy": [
              {
                "enabled": true,
                "provider": "CALICO"
              }
            ],
            "node_config": [],
            "node_locations": [],
            "node_pool": [],
            "node_version": "1.13.11-gke.14",
            "pod_security_policy_config": [],
            "private_cluster_config": [],
            "project": "cloudfirst-252512",
            "region": null,
            "remove_default_node_pool": true,
            "resource_labels": null,
            "services_ipv4_cidr": "10.63.240.0/20",
            "subnetwork": "projects/cloudfirst-252512/regions/europe-north1/subnetworks/default",
            "timeouts": null,
            "vertical_pod_autoscaling": [],
            "zone": null
          },
          "private": "eyJlMmJmYjczMC1lY2FhLTExZTYtOGY4OC0zNDM2M2JjN2M0YzAiOnsiY3JlYXRlIjoyNDAwMDAwMDAwMDAwLCJkZWxldGUiOjI0MDAwMDAwMDAwMDAsInVwZGF0ZSI6MzYwMDAwMDAwMDAwMH0sInNjaGVtYV92ZXJzaW9uIjoiMSJ9"
        }
      ]
    },
    {
      "mode": "managed",
      "type": "google_container_node_pool",
      "name": "general_purpose",
      "provider": "provider.google",
      "instances": [
        {
          "schema_version": 1,
          "attributes": {
            "autoscaling": [
              {
                "max_node_count": 1,
                "min_node_count": 1
              }
            ],
            "cluster": "cloudfirst-252512-cluster",
            "id": "projects/cloudfirst-252512/locations/europe-north1-b/clusters/cloudfirst-252512-cluster/nodePools/cloudfirst-252512-general",
            "initial_node_count": 1,
            "instance_group_urls": [
              "https://www.googleapis.com/compute/v1/projects/cloudfirst-252512/zones/europe-north1-b/instanceGroupManagers/gke-cloudfirst-25251-cloudfirst-25251-623643ba-grp"
            ],
            "location": "europe-north1-b",
            "management": [
              {
                "auto_repair": true,
                "auto_upgrade": true
              }
            ],
            "max_pods_per_node": null,
            "name": "cloudfirst-252512-general",
            "name_prefix": "",
            "node_config": [
              {
                "disk_size_gb": 100,
                "disk_type": "pd-standard",
                "guest_accelerator": [],
                "image_type": "COS",
                "labels": {},
                "local_ssd_count": 0,
                "machine_type": "n1-standard-1",
                "metadata": {
                  "disable-legacy-endpoints": "true"
                },
                "min_cpu_platform": "",
                "oauth_scopes": [
                  "https://www.googleapis.com/auth/devstorage.read_only",
                  "https://www.googleapis.com/auth/logging.write",
                  "https://www.googleapis.com/auth/monitoring"
                ],
                "preemptible": false,
                "sandbox_config": [],
                "service_account": "default",
                "shielded_instance_config": [
                  {
                    "enable_integrity_monitoring": true,
                    "enable_secure_boot": false
                  }
                ],
                "tags": null,
                "taint": [],
                "workload_metadata_config": []
              }
            ],
            "node_count": 1,
            "project": "cloudfirst-252512",
            "region": null,
            "timeouts": null,
            "version": "1.13.11-gke.14",
            "zone": null
          },
          "private": "eyJlMmJmYjczMC1lY2FhLTExZTYtOGY4OC0zNDM2M2JjN2M0YzAiOnsiY3JlYXRlIjoxODAwMDAwMDAwMDAwLCJkZWxldGUiOjE4MDAwMDAwMDAwMDAsInVwZGF0ZSI6MTgwMDAwMDAwMDAwMH0sInNjaGVtYV92ZXJzaW9uIjoiMSJ9",
          "dependencies": [
            "google_container_cluster.cluster"
          ]
        }
      ]
    }
  ]
}
